
Microsoft Visual Studio Solution File, Format Version 12.00
# Visual Studio Version 16
VisualStudioVersion = 16.0.34601.136
MinimumVisualStudioVersion = 10.0.40219.1
Project("{FAE04EC0-301F-11D3-BF4B-00C04F79EFBC}") = "NHP_OnTapls12", "NHP_OnTapls12\NHP_OnTapls12.csproj", "{5A5EF999-8C80-4820-AF7A-9D6588C15361}"
EndProject
Global
	GlobalSection(SolutionConfigurationPlatforms) = preSolution
		Debug|Any CPU = Debug|Any CPU
		Release|Any CPU = Release|Any CPU
	EndGlobalSection
	GlobalSection(ProjectConfigurationPlatforms) = postSolution
		{5A5EF999-8C80-4820-AF7A-9D6588C15361}.Debug|Any CPU.ActiveCfg = Debug|Any CPU
		{5A5EF999-8C80-4820-AF7A-9D6588C15361}.Debug|Any CPU.Build.0 = Debug|Any CPU
		{5A5EF999-8C80-4820-AF7A-9D6588C15361}.Release|Any CPU.ActiveCfg = Release|Any CPU
		{5A5EF999-8C80-4820-AF7A-9D6588C15361}.Release|Any CPU.Build.0 = Release|Any CPU
	EndGlobalSection
	GlobalSection(SolutionProperties) = preSolution
		HideSolutionNode = FALSE
	EndGlobalSection
	GlobalSection(ExtensibilityGlobals) = postSolution
		SolutionGuid = {8833C7EA-B29D-485E-8EFC-D71AFA69C9BA}
	EndGlobalSection
EndGlobal
