
Microsoft Visual Studio Solution File, Format Version 12.00
# Visual Studio Version 16
VisualStudioVersion = 16.0.34601.136
MinimumVisualStudioVersion = 10.0.40219.1
Project("{FAE04EC0-301F-11D3-BF4B-00C04F79EFBC}") = "NHPLS11", "NHPLS11\NHPLS11.csproj", "{06245D02-7C85-4E1C-87A2-391395F864D5}"
EndProject
Global
	GlobalSection(SolutionConfigurationPlatforms) = preSolution
		Debug|Any CPU = Debug|Any CPU
		Release|Any CPU = Release|Any CPU
	EndGlobalSection
	GlobalSection(ProjectConfigurationPlatforms) = postSolution
		{06245D02-7C85-4E1C-87A2-391395F864D5}.Debug|Any CPU.ActiveCfg = Debug|Any CPU
		{06245D02-7C85-4E1C-87A2-391395F864D5}.Debug|Any CPU.Build.0 = Debug|Any CPU
		{06245D02-7C85-4E1C-87A2-391395F864D5}.Release|Any CPU.ActiveCfg = Release|Any CPU
		{06245D02-7C85-4E1C-87A2-391395F864D5}.Release|Any CPU.Build.0 = Release|Any CPU
	EndGlobalSection
	GlobalSection(SolutionProperties) = preSolution
		HideSolutionNode = FALSE
	EndGlobalSection
	GlobalSection(ExtensibilityGlobals) = postSolution
		SolutionGuid = {C105BB22-2760-40C1-9DA1-C57F1F2BDC2F}
	EndGlobalSection
EndGlobal
